
Microsoft Visual Studio Solution File, Format Version 12.00
# Visual Studio Version 16
VisualStudioVersion = 16.0.30717.126
MinimumVisualStudioVersion = 10.0.40219.1
Project("{9A19103F-16F7-4668-BE54-9A1E7A4F7556}") = "MonsterTruckDrivingTest", "MonsterTruckDrivingTest\MonsterTruckDrivingTest.csproj", "{E475475D-4FCC-41B7-B1FB-569075D8848E}"
EndProject
Project("{9A19103F-16F7-4668-BE54-9A1E7A4F7556}") = "MonsterTruckDrivingTest.Tests", "MonsterTruckDrivingTestTests\MonsterTruckDrivingTest.Tests.csproj", "{7C625975-EB7E-4926-B1BF-11C48A7B16D7}"
EndProject
Global
	GlobalSection(SolutionConfigurationPlatforms) = preSolution
		Debug|Any CPU = Debug|Any CPU
		Release|Any CPU = Release|Any CPU
	EndGlobalSection
	GlobalSection(ProjectConfigurationPlatforms) = postSolution
		{E475475D-4FCC-41B7-B1FB-569075D8848E}.Debug|Any CPU.ActiveCfg = Debug|Any CPU
		{E475475D-4FCC-41B7-B1FB-569075D8848E}.Debug|Any CPU.Build.0 = Debug|Any CPU
		{E475475D-4FCC-41B7-B1FB-569075D8848E}.Release|Any CPU.ActiveCfg = Release|Any CPU
		{E475475D-4FCC-41B7-B1FB-569075D8848E}.Release|Any CPU.Build.0 = Release|Any CPU
		{7C625975-EB7E-4926-B1BF-11C48A7B16D7}.Debug|Any CPU.ActiveCfg = Debug|Any CPU
		{7C625975-EB7E-4926-B1BF-11C48A7B16D7}.Debug|Any CPU.Build.0 = Debug|Any CPU
		{7C625975-EB7E-4926-B1BF-11C48A7B16D7}.Release|Any CPU.ActiveCfg = Release|Any CPU
		{7C625975-EB7E-4926-B1BF-11C48A7B16D7}.Release|Any CPU.Build.0 = Release|Any CPU
	EndGlobalSection
	GlobalSection(SolutionProperties) = preSolution
		HideSolutionNode = FALSE
	EndGlobalSection
	GlobalSection(ExtensibilityGlobals) = postSolution
		SolutionGuid = {59467A3C-974C-425D-B28F-711B3507207F}
	EndGlobalSection
EndGlobal
